{
  "version": 4,
  "terraform_version": "0.14.3",
  "serial": 153,
  "lineage": "a102ae8d-5e7d-4b5c-b7d1-e117c6c4e97c",
  "outputs": {
    "master-ip": {
      "value": "34.83.171.119",
      "type": "string"
    },
    "worker-ip": {
      "value": [
        "35.233.137.130",
        "35.233.170.25",
        "34.82.127.145"
      ],
      "type": [
        "tuple",
        [
          "string",
          "string",
          "string"
        ]
      ]
    }
  },
  "resources": [
    {
      "mode": "managed",
      "type": "google_compute_firewall",
      "name": "shi-rvs-firewall-externalssh",
      "provider": "provider[\"registry.terraform.io/hashicorp/google\"]",
      "instances": [
        {
          "schema_version": 1,
          "attributes": {
            "allow": [
              {
                "ports": [
                  "22"
                ],
                "protocol": "tcp"
              }
            ],
            "creation_timestamp": "2021-01-02T14:48:01.499-08:00",
            "deny": [],
            "description": "",
            "destination_ranges": [],
            "direction": "INGRESS",
            "disabled": false,
            "enable_logging": null,
            "id": "projects/kubenetes-300211/global/firewalls/shi-rvs-firewall-externalssh",
            "log_config": [],
            "name": "shi-rvs-firewall-externalssh",
            "network": "https://www.googleapis.com/compute/v1/projects/kubenetes-300211/global/networks/default",
            "priority": 1000,
            "project": "kubenetes-300211",
            "self_link": "https://www.googleapis.com/compute/v1/projects/kubenetes-300211/global/firewalls/shi-rvs-firewall-externalssh",
            "source_ranges": [
              "0.0.0.0/0"
            ],
            "source_service_accounts": null,
            "source_tags": null,
            "target_service_accounts": null,
            "target_tags": [
              "externalssh"
            ],
            "timeouts": null
          },
          "sensitive_attributes": [],
          "private": "eyJlMmJmYjczMC1lY2FhLTExZTYtOGY4OC0zNDM2M2JjN2M0YzAiOnsiY3JlYXRlIjoyNDAwMDAwMDAwMDAsImRlbGV0ZSI6MjQwMDAwMDAwMDAwLCJ1cGRhdGUiOjI0MDAwMDAwMDAwMH0sInNjaGVtYV92ZXJzaW9uIjoiMSJ9"
        }
      ]
    },
    {
      "mode": "managed",
      "type": "google_compute_instance",
      "name": "kube-master",
      "provider": "provider[\"registry.terraform.io/hashicorp/google\"]",
      "instances": [
        {
          "schema_version": 6,
          "attributes": {
            "allow_stopping_for_update": null,
            "attached_disk": [],
            "boot_disk": [
              {
                "auto_delete": true,
                "device_name": "persistent-disk-0",
                "disk_encryption_key_raw": "",
                "disk_encryption_key_sha256": "",
                "initialize_params": [
                  {
                    "image": "https://www.googleapis.com/compute/v1/projects/ubuntu-os-cloud/global/images/ubuntu-1804-bionic-v20201211a",
                    "labels": {},
                    "size": 10,
                    "type": "pd-standard"
                  }
                ],
                "kms_key_self_link": "",
                "mode": "READ_WRITE",
                "source": "https://www.googleapis.com/compute/v1/projects/kubenetes-300211/zones/us-west1-a/disks/kube-master"
              }
            ],
            "can_ip_forward": false,
            "cpu_platform": "Intel Broadwell",
            "current_status": "RUNNING",
            "deletion_protection": false,
            "description": "",
            "desired_status": null,
            "enable_display": false,
            "guest_accelerator": [],
            "hostname": "",
            "id": "projects/kubenetes-300211/zones/us-west1-a/instances/kube-master",
            "instance_id": "4183459089488889549",
            "label_fingerprint": "42WmSpB8rSM=",
            "labels": null,
            "machine_type": "e2-standard-4",
            "metadata": {
              "sshKeys": "ubuntu:ssh-rsa AAAAB3NzaC1yc2EAAAADAQABAAABAQCcAB/0/Y2M1tYxeQQqgJTRKZmwdK3lTgYCopY6MArnc5752mqo6orQAInI0P5RDR4LJhonMKjiiEgSnc/Fnu323AhKWnz8ILCZR2EloB5iEjwe9SxvMY2RGHUBC5Leo0yQG+x9sO7dHyn+X6plf8vNrI7sHPToO1s3uuvv2HWX9c3jppLVPk2Gr9MFNDEE/r0DYfFv9p65ZILtKgh1nrJ1G/5vgz46l3G0BVSq3U7Xkr9cNmWVq8D79iksshWpIYkmcZGwJn4nsNOUHYSRwMEBK9wgEMEDappS0errznmEHjkw/wTZyU1EiRG3WsDV8n2ALeXhYPf1VqZDxuuUahlf ram@smalldrops\n"
            },
            "metadata_fingerprint": "-Co6Ajo-X5Y=",
            "metadata_startup_script": "",
            "min_cpu_platform": "",
            "name": "kube-master",
            "network_interface": [
              {
                "access_config": [
                  {
                    "nat_ip": "34.83.171.119",
                    "network_tier": "PREMIUM",
                    "public_ptr_domain_name": ""
                  }
                ],
                "alias_ip_range": [],
                "name": "nic0",
                "network": "https://www.googleapis.com/compute/v1/projects/kubenetes-300211/global/networks/default",
                "network_ip": "10.138.0.54",
                "subnetwork": "https://www.googleapis.com/compute/v1/projects/kubenetes-300211/regions/us-west1/subnetworks/default",
                "subnetwork_project": "kubenetes-300211"
              }
            ],
            "project": "kubenetes-300211",
            "resource_policies": null,
            "scheduling": [
              {
                "automatic_restart": true,
                "node_affinities": [],
                "on_host_maintenance": "MIGRATE",
                "preemptible": false
              }
            ],
            "scratch_disk": [],
            "self_link": "https://www.googleapis.com/compute/v1/projects/kubenetes-300211/zones/us-west1-a/instances/kube-master",
            "service_account": [],
            "shielded_instance_config": [
              {
                "enable_integrity_monitoring": true,
                "enable_secure_boot": false,
                "enable_vtpm": true
              }
            ],
            "tags": [
              "kube-master"
            ],
            "tags_fingerprint": "6XuvbP9xsQQ=",
            "timeouts": null,
            "zone": "us-west1-a"
          },
          "sensitive_attributes": [],
          "private": "eyJlMmJmYjczMC1lY2FhLTExZTYtOGY4OC0zNDM2M2JjN2M0YzAiOnsiY3JlYXRlIjoxMjAwMDAwMDAwMDAwLCJkZWxldGUiOjEyMDAwMDAwMDAwMDAsInVwZGF0ZSI6MTIwMDAwMDAwMDAwMH0sInNjaGVtYV92ZXJzaW9uIjoiNiJ9"
        }
      ]
    },
    {
      "mode": "managed",
      "type": "google_compute_instance",
      "name": "kube-worker",
      "provider": "provider[\"registry.terraform.io/hashicorp/google\"]",
      "instances": [
        {
          "index_key": 0,
          "schema_version": 6,
          "attributes": {
            "allow_stopping_for_update": null,
            "attached_disk": [],
            "boot_disk": [
              {
                "auto_delete": true,
                "device_name": "persistent-disk-0",
                "disk_encryption_key_raw": "",
                "disk_encryption_key_sha256": "",
                "initialize_params": [
                  {
                    "image": "https://www.googleapis.com/compute/v1/projects/ubuntu-os-cloud/global/images/ubuntu-1804-bionic-v20201211a",
                    "labels": {},
                    "size": 10,
                    "type": "pd-standard"
                  }
                ],
                "kms_key_self_link": "",
                "mode": "READ_WRITE",
                "source": "https://www.googleapis.com/compute/v1/projects/kubenetes-300211/zones/us-west1-a/disks/kube-worker-1"
              }
            ],
            "can_ip_forward": false,
            "cpu_platform": "Intel Broadwell",
            "current_status": "RUNNING",
            "deletion_protection": false,
            "description": "",
            "desired_status": null,
            "enable_display": false,
            "guest_accelerator": [],
            "hostname": "",
            "id": "projects/kubenetes-300211/zones/us-west1-a/instances/kube-worker-1",
            "instance_id": "2136543715632432845",
            "label_fingerprint": "42WmSpB8rSM=",
            "labels": null,
            "machine_type": "n1-standard-2",
            "metadata": {
              "sshKeys": "ubuntu:ssh-rsa AAAAB3NzaC1yc2EAAAADAQABAAABAQCcAB/0/Y2M1tYxeQQqgJTRKZmwdK3lTgYCopY6MArnc5752mqo6orQAInI0P5RDR4LJhonMKjiiEgSnc/Fnu323AhKWnz8ILCZR2EloB5iEjwe9SxvMY2RGHUBC5Leo0yQG+x9sO7dHyn+X6plf8vNrI7sHPToO1s3uuvv2HWX9c3jppLVPk2Gr9MFNDEE/r0DYfFv9p65ZILtKgh1nrJ1G/5vgz46l3G0BVSq3U7Xkr9cNmWVq8D79iksshWpIYkmcZGwJn4nsNOUHYSRwMEBK9wgEMEDappS0errznmEHjkw/wTZyU1EiRG3WsDV8n2ALeXhYPf1VqZDxuuUahlf ram@smalldrops\n"
            },
            "metadata_fingerprint": "-Co6Ajo-X5Y=",
            "metadata_startup_script": "",
            "min_cpu_platform": "",
            "name": "kube-worker-1",
            "network_interface": [
              {
                "access_config": [
                  {
                    "nat_ip": "35.233.137.130",
                    "network_tier": "PREMIUM",
                    "public_ptr_domain_name": ""
                  }
                ],
                "alias_ip_range": [],
                "name": "nic0",
                "network": "https://www.googleapis.com/compute/v1/projects/kubenetes-300211/global/networks/default",
                "network_ip": "10.138.0.55",
                "subnetwork": "https://www.googleapis.com/compute/v1/projects/kubenetes-300211/regions/us-west1/subnetworks/default",
                "subnetwork_project": "kubenetes-300211"
              }
            ],
            "project": "kubenetes-300211",
            "resource_policies": null,
            "scheduling": [
              {
                "automatic_restart": true,
                "node_affinities": [],
                "on_host_maintenance": "MIGRATE",
                "preemptible": false
              }
            ],
            "scratch_disk": [],
            "self_link": "https://www.googleapis.com/compute/v1/projects/kubenetes-300211/zones/us-west1-a/instances/kube-worker-1",
            "service_account": [],
            "shielded_instance_config": [
              {
                "enable_integrity_monitoring": true,
                "enable_secure_boot": false,
                "enable_vtpm": true
              }
            ],
            "tags": [
              "kube-worker-1"
            ],
            "tags_fingerprint": "P1yqIeS1snE=",
            "timeouts": null,
            "zone": "us-west1-a"
          },
          "sensitive_attributes": [],
          "private": "eyJlMmJmYjczMC1lY2FhLTExZTYtOGY4OC0zNDM2M2JjN2M0YzAiOnsiY3JlYXRlIjoxMjAwMDAwMDAwMDAwLCJkZWxldGUiOjEyMDAwMDAwMDAwMDAsInVwZGF0ZSI6MTIwMDAwMDAwMDAwMH0sInNjaGVtYV92ZXJzaW9uIjoiNiJ9"
        },
        {
          "index_key": 1,
          "schema_version": 6,
          "attributes": {
            "allow_stopping_for_update": null,
            "attached_disk": [],
            "boot_disk": [
              {
                "auto_delete": true,
                "device_name": "persistent-disk-0",
                "disk_encryption_key_raw": "",
                "disk_encryption_key_sha256": "",
                "initialize_params": [
                  {
                    "image": "https://www.googleapis.com/compute/v1/projects/ubuntu-os-cloud/global/images/ubuntu-1804-bionic-v20201211a",
                    "labels": {},
                    "size": 10,
                    "type": "pd-standard"
                  }
                ],
                "kms_key_self_link": "",
                "mode": "READ_WRITE",
                "source": "https://www.googleapis.com/compute/v1/projects/kubenetes-300211/zones/us-west1-a/disks/kube-worker-2"
              }
            ],
            "can_ip_forward": false,
            "cpu_platform": "Intel Broadwell",
            "current_status": "RUNNING",
            "deletion_protection": false,
            "description": "",
            "desired_status": null,
            "enable_display": false,
            "guest_accelerator": [],
            "hostname": "",
            "id": "projects/kubenetes-300211/zones/us-west1-a/instances/kube-worker-2",
            "instance_id": "7254163464050788045",
            "label_fingerprint": "42WmSpB8rSM=",
            "labels": null,
            "machine_type": "n1-standard-2",
            "metadata": {
              "sshKeys": "ubuntu:ssh-rsa AAAAB3NzaC1yc2EAAAADAQABAAABAQCcAB/0/Y2M1tYxeQQqgJTRKZmwdK3lTgYCopY6MArnc5752mqo6orQAInI0P5RDR4LJhonMKjiiEgSnc/Fnu323AhKWnz8ILCZR2EloB5iEjwe9SxvMY2RGHUBC5Leo0yQG+x9sO7dHyn+X6plf8vNrI7sHPToO1s3uuvv2HWX9c3jppLVPk2Gr9MFNDEE/r0DYfFv9p65ZILtKgh1nrJ1G/5vgz46l3G0BVSq3U7Xkr9cNmWVq8D79iksshWpIYkmcZGwJn4nsNOUHYSRwMEBK9wgEMEDappS0errznmEHjkw/wTZyU1EiRG3WsDV8n2ALeXhYPf1VqZDxuuUahlf ram@smalldrops\n"
            },
            "metadata_fingerprint": "-Co6Ajo-X5Y=",
            "metadata_startup_script": "",
            "min_cpu_platform": "",
            "name": "kube-worker-2",
            "network_interface": [
              {
                "access_config": [
                  {
                    "nat_ip": "35.233.170.25",
                    "network_tier": "PREMIUM",
                    "public_ptr_domain_name": ""
                  }
                ],
                "alias_ip_range": [],
                "name": "nic0",
                "network": "https://www.googleapis.com/compute/v1/projects/kubenetes-300211/global/networks/default",
                "network_ip": "10.138.0.56",
                "subnetwork": "https://www.googleapis.com/compute/v1/projects/kubenetes-300211/regions/us-west1/subnetworks/default",
                "subnetwork_project": "kubenetes-300211"
              }
            ],
            "project": "kubenetes-300211",
            "resource_policies": null,
            "scheduling": [
              {
                "automatic_restart": true,
                "node_affinities": [],
                "on_host_maintenance": "MIGRATE",
                "preemptible": false
              }
            ],
            "scratch_disk": [],
            "self_link": "https://www.googleapis.com/compute/v1/projects/kubenetes-300211/zones/us-west1-a/instances/kube-worker-2",
            "service_account": [],
            "shielded_instance_config": [
              {
                "enable_integrity_monitoring": true,
                "enable_secure_boot": false,
                "enable_vtpm": true
              }
            ],
            "tags": [
              "kube-worker-2"
            ],
            "tags_fingerprint": "QxtWbfI-tpY=",
            "timeouts": null,
            "zone": "us-west1-a"
          },
          "sensitive_attributes": [],
          "private": "eyJlMmJmYjczMC1lY2FhLTExZTYtOGY4OC0zNDM2M2JjN2M0YzAiOnsiY3JlYXRlIjoxMjAwMDAwMDAwMDAwLCJkZWxldGUiOjEyMDAwMDAwMDAwMDAsInVwZGF0ZSI6MTIwMDAwMDAwMDAwMH0sInNjaGVtYV92ZXJzaW9uIjoiNiJ9"
        },
        {
          "index_key": 2,
          "schema_version": 6,
          "attributes": {
            "allow_stopping_for_update": null,
            "attached_disk": [],
            "boot_disk": [
              {
                "auto_delete": true,
                "device_name": "persistent-disk-0",
                "disk_encryption_key_raw": "",
                "disk_encryption_key_sha256": "",
                "initialize_params": [
                  {
                    "image": "https://www.googleapis.com/compute/v1/projects/ubuntu-os-cloud/global/images/ubuntu-1804-bionic-v20201211a",
                    "labels": {},
                    "size": 10,
                    "type": "pd-standard"
                  }
                ],
                "kms_key_self_link": "",
                "mode": "READ_WRITE",
                "source": "https://www.googleapis.com/compute/v1/projects/kubenetes-300211/zones/us-west1-a/disks/kube-worker-3"
              }
            ],
            "can_ip_forward": false,
            "cpu_platform": "Intel Broadwell",
            "current_status": "RUNNING",
            "deletion_protection": false,
            "description": "",
            "desired_status": null,
            "enable_display": false,
            "guest_accelerator": [],
            "hostname": "",
            "id": "projects/kubenetes-300211/zones/us-west1-a/instances/kube-worker-3",
            "instance_id": "3529672248499455693",
            "label_fingerprint": "42WmSpB8rSM=",
            "labels": null,
            "machine_type": "n1-standard-2",
            "metadata": {
              "sshKeys": "ubuntu:ssh-rsa AAAAB3NzaC1yc2EAAAADAQABAAABAQCcAB/0/Y2M1tYxeQQqgJTRKZmwdK3lTgYCopY6MArnc5752mqo6orQAInI0P5RDR4LJhonMKjiiEgSnc/Fnu323AhKWnz8ILCZR2EloB5iEjwe9SxvMY2RGHUBC5Leo0yQG+x9sO7dHyn+X6plf8vNrI7sHPToO1s3uuvv2HWX9c3jppLVPk2Gr9MFNDEE/r0DYfFv9p65ZILtKgh1nrJ1G/5vgz46l3G0BVSq3U7Xkr9cNmWVq8D79iksshWpIYkmcZGwJn4nsNOUHYSRwMEBK9wgEMEDappS0errznmEHjkw/wTZyU1EiRG3WsDV8n2ALeXhYPf1VqZDxuuUahlf ram@smalldrops\n"
            },
            "metadata_fingerprint": "-Co6Ajo-X5Y=",
            "metadata_startup_script": "",
            "min_cpu_platform": "",
            "name": "kube-worker-3",
            "network_interface": [
              {
                "access_config": [
                  {
                    "nat_ip": "34.82.127.145",
                    "network_tier": "PREMIUM",
                    "public_ptr_domain_name": ""
                  }
                ],
                "alias_ip_range": [],
                "name": "nic0",
                "network": "https://www.googleapis.com/compute/v1/projects/kubenetes-300211/global/networks/default",
                "network_ip": "10.138.0.53",
                "subnetwork": "https://www.googleapis.com/compute/v1/projects/kubenetes-300211/regions/us-west1/subnetworks/default",
                "subnetwork_project": "kubenetes-300211"
              }
            ],
            "project": "kubenetes-300211",
            "resource_policies": null,
            "scheduling": [
              {
                "automatic_restart": true,
                "node_affinities": [],
                "on_host_maintenance": "MIGRATE",
                "preemptible": false
              }
            ],
            "scratch_disk": [],
            "self_link": "https://www.googleapis.com/compute/v1/projects/kubenetes-300211/zones/us-west1-a/instances/kube-worker-3",
            "service_account": [],
            "shielded_instance_config": [
              {
                "enable_integrity_monitoring": true,
                "enable_secure_boot": false,
                "enable_vtpm": true
              }
            ],
            "tags": [
              "kube-worker-3"
            ],
            "tags_fingerprint": "bKWUtcHdc3E=",
            "timeouts": null,
            "zone": "us-west1-a"
          },
          "sensitive_attributes": [],
          "private": "eyJlMmJmYjczMC1lY2FhLTExZTYtOGY4OC0zNDM2M2JjN2M0YzAiOnsiY3JlYXRlIjoxMjAwMDAwMDAwMDAwLCJkZWxldGUiOjEyMDAwMDAwMDAwMDAsInVwZGF0ZSI6MTIwMDAwMDAwMDAwMH0sInNjaGVtYV92ZXJzaW9uIjoiNiJ9"
        }
      ]
    }
  ]
}
